<?xml version="1.0" encoding="utf-8"?>
<Project ToolsVersion="4.0" xmlns="http://schemas.microsoft.com/developer/msbuild/2003">
  <ItemGroup>
    <Filter Include="Source Files">
      <UniqueIdentifier>{4FC737F1-C7A5-4376-A066-2A32D752A2FF}</UniqueIdentifier>
      <Extensions>cpp;c;cc;cxx;c++;cppm;ixx;def;odl;idl;hpj;bat;asm;asmx</Extensions>
    </Filter>
    <Filter Include="Header Files">
      <UniqueIdentifier>{93995380-89BD-4b04-88EB-625FBE52EBFB}</UniqueIdentifier>
      <Extensions>h;hh;hpp;hxx;h++;hm;inl;inc;ipp;xsd</Extensions>
    </Filter>
    <Filter Include="Resource Files">
      <UniqueIdentifier>{67DA6AB6-F800-4c08-8B7A-83BB121AAD01}</UniqueIdentifier>
      <Extensions>rc;ico;cur;bmp;dlg;rc2;rct;bin;rgs;gif;jpg;jpeg;jpe;resx;tiff;tif;png;wav;mfcribbon-ms</Extensions>
    </Filter>
    <Filter Include="Header Files\common">
      <UniqueIdentifier>{ce357f27-a08c-4743-b1a3-5b83d3bb8db9}</UniqueIdentifier>
    </Filter>
    <Filter Include="Header Files\common\klib">
      <UniqueIdentifier>{4d0b4af3-6ad9-4a3f-9738-af406e0503c6}</UniqueIdentifier>
    </Filter>
    <Filter Include="Source Files\common">
      <UniqueIdentifier>{448d3540-b02c-4175-a553-0cdde28e0ced}</UniqueIdentifier>
    </Filter>
    <Filter Include="Source Files\common\klib">
      <UniqueIdentifier>{a3b96a62-8a0e-4aa7-b4df-958068adb8f7}</UniqueIdentifier>
    </Filter>
    <Filter Include="Header Files\common\pugixml">
      <UniqueIdentifier>{cf5c1dc0-c30b-4810-bb20-7372ab7fc2f3}</UniqueIdentifier>
    </Filter>
    <Filter Include="Source Files\common\pugixml">
      <UniqueIdentifier>{fab5234e-ebc7-4eff-bbb7-f5f9dcb64c62}</UniqueIdentifier>
    </Filter>
    <Filter Include="Header Files\fe">
      <UniqueIdentifier>{ca448cc1-2604-4eae-ab74-05625630477c}</UniqueIdentifier>
    </Filter>
    <Filter Include="Header Files\fe\xml">
      <UniqueIdentifier>{078570b8-41f0-40d7-8acc-58931a45bb00}</UniqueIdentifier>
    </Filter>
    <Filter Include="Source Files\fe">
      <UniqueIdentifier>{c54c6497-c737-45b8-a199-f7c99daf545a}</UniqueIdentifier>
    </Filter>
    <Filter Include="Source Files\fe\xml">
      <UniqueIdentifier>{9363c343-ae45-4506-a007-19718fd53e03}</UniqueIdentifier>
    </Filter>
    <Filter Include="Header Files\fe\sprite">
      <UniqueIdentifier>{459d4043-8444-4e18-bbd9-243b1a4f6fb4}</UniqueIdentifier>
    </Filter>
    <Filter Include="Source Files\fe\sprite">
      <UniqueIdentifier>{40f36966-d71c-45e4-be7e-7c8e8da39cc2}</UniqueIdentifier>
    </Filter>
    <Filter Include="Header Files\fi">
      <UniqueIdentifier>{ca139f40-cfbc-4ae4-b5e4-6b2e1a01ac72}</UniqueIdentifier>
    </Filter>
    <Filter Include="Source Files\fi">
      <UniqueIdentifier>{185ba9bc-c1eb-40d8-beca-3239171463c8}</UniqueIdentifier>
    </Filter>
    <Filter Include="Header Files\fh">
      <UniqueIdentifier>{57c582f4-32e0-4fe5-852d-2ab7b6409cf7}</UniqueIdentifier>
    </Filter>
    <Filter Include="Source Files\fh">
      <UniqueIdentifier>{4e1dba66-8619-41f2-80f0-721c17b428b1}</UniqueIdentifier>
    </Filter>
    <Filter Include="Header Files\fb">
      <UniqueIdentifier>{2147c454-6c81-4713-9a7f-f990588f8725}</UniqueIdentifier>
    </Filter>
    <Filter Include="Source Files\fb">
      <UniqueIdentifier>{e0643625-0eee-4da8-8bfe-9dcbbe63e433}</UniqueIdentifier>
    </Filter>
    <Filter Include="Header Files\fv">
      <UniqueIdentifier>{1ab2dc02-06c7-4973-9a86-750e60d37d34}</UniqueIdentifier>
    </Filter>
    <Filter Include="Source Files\fv">
      <UniqueIdentifier>{4030e383-1a21-4374-b443-dec0f09dee18}</UniqueIdentifier>
    </Filter>
    <Filter Include="Header Files\mantra">
      <UniqueIdentifier>{3d37a380-993a-4b61-9130-45d87be037d0}</UniqueIdentifier>
    </Filter>
    <Filter Include="Source Files\mantra">
      <UniqueIdentifier>{3201bb33-4a37-4adf-b000-4ca16925f0da}</UniqueIdentifier>
    </Filter>
    <Filter Include="Source Files\common\midifile">
      <UniqueIdentifier>{4d52f0b3-8be5-4350-9a8d-106084adbfef}</UniqueIdentifier>
    </Filter>
    <Filter Include="Header Files\common\midifile">
      <UniqueIdentifier>{e0408b8f-9d98-4f4e-80fa-4014d33bf585}</UniqueIdentifier>
    </Filter>
    <Filter Include="Header Files\fm">
      <UniqueIdentifier>{5ebb9004-42f4-468b-b4a5-7f44c2a4d9b5}</UniqueIdentifier>
    </Filter>
    <Filter Include="Header Files\fm\song">
      <UniqueIdentifier>{a572832e-1dc4-4d7b-b890-1a04535212a9}</UniqueIdentifier>
    </Filter>
    <Filter Include="Source Files\fm">
      <UniqueIdentifier>{8bb08124-a3b3-4faa-aa93-c55d2e61023e}</UniqueIdentifier>
    </Filter>
    <Filter Include="Source Files\fm\song">
      <UniqueIdentifier>{a36e27d4-e985-4127-a6c6-98d8fcc1b836}</UniqueIdentifier>
    </Filter>
    <Filter Include="Header Files\fe\script">
      <UniqueIdentifier>{09254cf9-3186-4b8c-8159-ff4ee076bb68}</UniqueIdentifier>
    </Filter>
    <Filter Include="Source Files\fe\script">
      <UniqueIdentifier>{9c732878-ffed-4739-ad14-fd85e90cfccb}</UniqueIdentifier>
    </Filter>
    <Filter Include="Header Files\fe\game">
      <UniqueIdentifier>{8b74372e-1a01-49e1-91ae-44f75808d9d5}</UniqueIdentifier>
    </Filter>
    <Filter Include="Source Files\fe\game">
      <UniqueIdentifier>{292db3e2-1ac6-4e0f-8c38-c33a737e21c4}</UniqueIdentifier>
    </Filter>
  </ItemGroup>
  <ItemGroup>
    <ClInclude Include="src\common\klib\Asm6502.h">
      <Filter>Header Files\common\klib</Filter>
    </ClInclude>
    <ClInclude Include="src\common\klib\Bitreader.h">
      <Filter>Header Files\common\klib</Filter>
    </ClInclude>
    <ClInclude Include="src\common\klib\Bitwriter.h">
      <Filter>Header Files\common\klib</Filter>
    </ClInclude>
    <ClInclude Include="src\common\klib\IPS_Patch.h">
      <Filter>Header Files\common\klib</Filter>
    </ClInclude>
    <ClInclude Include="src\common\klib\Kfile.h">
      <Filter>Header Files\common\klib</Filter>
    </ClInclude>
    <ClInclude Include="src\common\klib\Kstring.h">
      <Filter>Header Files\common\klib</Filter>
    </ClInclude>
    <ClInclude Include="src\common\klib\Kutil.h">
      <Filter>Header Files\common\klib</Filter>
    </ClInclude>
    <ClInclude Include="src\common\klib\NES_tile.h">
      <Filter>Header Files\common\klib</Filter>
    </ClInclude>
    <ClInclude Include="src\common\magic_enum.hpp">
      <Filter>Header Files\common</Filter>
    </ClInclude>
    <ClInclude Include="src\common\pugixml\pugiconfig.hpp">
      <Filter>Header Files\common\pugixml</Filter>
    </ClInclude>
    <ClInclude Include="src\common\pugixml\pugixml.hpp">
      <Filter>Header Files\common\pugixml</Filter>
    </ClInclude>
    <ClInclude Include="src\fe\Config.h">
      <Filter>Header Files\fe</Filter>
    </ClInclude>
    <ClInclude Include="src\fe\xml\Xml_constants.h">
      <Filter>Header Files\fe\xml</Filter>
    </ClInclude>
    <ClInclude Include="src\fe\xml\Xml_helper.h">
      <Filter>Header Files\fe\xml</Filter>
    </ClInclude>
    <ClInclude Include="src\fe\ChrStructures.h">
      <Filter>Header Files\fe</Filter>
    </ClInclude>
    <ClInclude Include="src\fe\Chunk.h">
      <Filter>Header Files\fe</Filter>
    </ClInclude>
    <ClInclude Include="src\fe\Cinematic.h">
      <Filter>Header Files\fe</Filter>
    </ClInclude>
    <ClInclude Include="src\fe\Door.h">
      <Filter>Header Files\fe</Filter>
    </ClInclude>
    <ClInclude Include="src\fe\EditorSettings.h">
      <Filter>Header Files\fe</Filter>
    </ClInclude>
    <ClInclude Include="src\fe\fe_app_constants.h">
      <Filter>Header Files\fe</Filter>
    </ClInclude>
    <ClInclude Include="src\fe\fe_constants.h">
      <Filter>Header Files\fe</Filter>
    </ClInclude>
    <ClInclude Include="src\fe\Game.h">
      <Filter>Header Files\fe</Filter>
    </ClInclude>
    <ClInclude Include="src\fe\GfxTilemapManager.h">
      <Filter>Header Files\fe</Filter>
    </ClInclude>
    <ClInclude Include="src\fe\GodAllocator.h">
      <Filter>Header Files\fe</Filter>
    </ClInclude>
    <ClInclude Include="src\fe\InterChunkScroll.h">
      <Filter>Header Files\fe</Filter>
    </ClInclude>
    <ClInclude Include="src\fe\IntraChunkScroll.h">
      <Filter>Header Files\fe</Filter>
    </ClInclude>
    <ClInclude Include="src\fe\Metatile.h">
      <Filter>Header Files\fe</Filter>
    </ClInclude>
    <ClInclude Include="src\fe\MetatileRef.h">
      <Filter>Header Files\fe</Filter>
    </ClInclude>
    <ClInclude Include="src\fe\PaletteMusicMap.h">
      <Filter>Header Files\fe</Filter>
    </ClInclude>
    <ClInclude Include="src\fe\ROM_Manager.h">
      <Filter>Header Files\fe</Filter>
    </ClInclude>
    <ClInclude Include="src\fe\Scene.h">
      <Filter>Header Files\fe</Filter>
    </ClInclude>
    <ClInclude Include="src\fe\Screen.h">
      <Filter>Header Files\fe</Filter>
    </ClInclude>
    <ClInclude Include="src\fe\ScreenRef.h">
      <Filter>Header Files\fe</Filter>
    </ClInclude>
    <ClInclude Include="src\fe\Sprite.h">
      <Filter>Header Files\fe</Filter>
    </ClInclude>
    <ClInclude Include="src\fe\Sprite_set.h">
      <Filter>Header Files\fe</Filter>
    </ClInclude>
    <ClInclude Include="src\fe\StageManager.h">
      <Filter>Header Files\fe</Filter>
    </ClInclude>
    <ClInclude Include="src\fe\WorldVisualizer.h">
      <Filter>Header Files\fe</Filter>
    </ClInclude>
    <ClInclude Include="src\fe\sprite\fe_sprite_constants.h">
      <Filter>Header Files\fe\sprite</Filter>
    </ClInclude>
    <ClInclude Include="src\fe\sprite\SpriteAnimationFrame.h">
      <Filter>Header Files\fe\sprite</Filter>
    </ClInclude>
    <ClInclude Include="src\fe\sprite\SpriteFrameCollection.h">
      <Filter>Header Files\fe\sprite</Filter>
    </ClInclude>
    <ClInclude Include="src\fe\sprite\SpriteGfxManager.h">
      <Filter>Header Files\fe\sprite</Filter>
    </ClInclude>
    <ClInclude Include="src\fe\sprite\SpriteGfxSnapshotManager.h">
      <Filter>Header Files\fe\sprite</Filter>
    </ClInclude>
    <ClInclude Include="src\fe\sprite\SpriteGUILoader.h">
      <Filter>Header Files\fe\sprite</Filter>
    </ClInclude>
    <ClInclude Include="src\fi\FaxString.h">
      <Filter>Header Files\fi</Filter>
    </ClInclude>
    <ClInclude Include="src\fi\fi_constants.h">
      <Filter>Header Files\fi</Filter>
    </ClInclude>
    <ClInclude Include="src\fi\IScriptLoader.h">
      <Filter>Header Files\fi</Filter>
    </ClInclude>
    <ClInclude Include="src\fi\Opcode.h">
      <Filter>Header Files\fi</Filter>
    </ClInclude>
    <ClInclude Include="src\fi\Shop.h">
      <Filter>Header Files\fi</Filter>
    </ClInclude>
    <ClInclude Include="src\common\lodepng.h">
      <Filter>Header Files\common</Filter>
    </ClInclude>
    <ClInclude Include="src\fh\fh_constants.h">
      <Filter>Header Files\fh</Filter>
    </ClInclude>
    <ClInclude Include="src\fh\HackManager.h">
      <Filter>Header Files\fh</Filter>
    </ClInclude>
    <ClInclude Include="src\fh\TilemapChanges.h">
      <Filter>Header Files\fh</Filter>
    </ClInclude>
    <ClInclude Include="src\fi\AsmReader.h">
      <Filter>Header Files\fi</Filter>
    </ClInclude>
    <ClInclude Include="src\fi\AsmWriter.h">
      <Filter>Header Files\fi</Filter>
    </ClInclude>
    <ClInclude Include="src\fb\BScriptLoader.h">
      <Filter>Header Files\fb</Filter>
    </ClInclude>
    <ClInclude Include="src\fb\BScriptOpcode.h">
      <Filter>Header Files\fb</Filter>
    </ClInclude>
    <ClInclude Include="src\fb\BScriptReader.h">
      <Filter>Header Files\fb</Filter>
    </ClInclude>
    <ClInclude Include="src\fb\BScriptWriter.h">
      <Filter>Header Files\fb</Filter>
    </ClInclude>
    <ClInclude Include="src\fb\fb_constants.h">
      <Filter>Header Files\fb</Filter>
    </ClInclude>
    <ClInclude Include="src\mantra\Mantra.h">
      <Filter>Header Files\mantra</Filter>
    </ClInclude>
    <ClInclude Include="src\mantra\mantra_constants.h">
      <Filter>Header Files\mantra</Filter>
    </ClInclude>
    <ClInclude Include="src\mantra\mantra_math.h">
      <Filter>Header Files\mantra</Filter>
    </ClInclude>
    <ClInclude Include="src\fv\fv_constants.h">
      <Filter>Header Files\fv</Filter>
    </ClInclude>
    <ClInclude Include="src\fv\MiscWriter.h">
      <Filter>Header Files\fv</Filter>
    </ClInclude>
    <ClInclude Include="src\common\midifile\Binasc.h">
      <Filter>Header Files\common\midifile</Filter>
    </ClInclude>
    <ClInclude Include="src\common\midifile\MidiEvent.h">
      <Filter>Header Files\common\midifile</Filter>
    </ClInclude>
    <ClInclude Include="src\common\midifile\MidiEventList.h">
      <Filter>Header Files\common\midifile</Filter>
    </ClInclude>
    <ClInclude Include="src\common\midifile\MidiFile.h">
      <Filter>Header Files\common\midifile</Filter>
    </ClInclude>
    <ClInclude Include="src\common\midifile\MidiMessage.h">
      <Filter>Header Files\common\midifile</Filter>
    </ClInclude>
    <ClInclude Include="src\common\midifile\Options.h">
      <Filter>Header Files\common\midifile</Filter>
    </ClInclude>
    <ClInclude Include="src\fm\fm_constants.h">
      <Filter>Header Files\fm</Filter>
    </ClInclude>
    <ClInclude Include="src\fm\fm_util.h">
      <Filter>Header Files\fm</Filter>
    </ClInclude>
    <ClInclude Include="src\fm\MMLReader.h">
      <Filter>Header Files\fm</Filter>
    </ClInclude>
    <ClInclude Include="src\fm\MMLWriter.h">
      <Filter>Header Files\fm</Filter>
    </ClInclude>
    <ClInclude Include="src\fm\ProceduralMusic.h">
      <Filter>Header Files\fm</Filter>
    </ClInclude>
    <ClInclude Include="src\fm\ProceduralMusicDirectiveParser.h">
      <Filter>Header Files\fm</Filter>
    </ClInclude>
    <ClInclude Include="src\fm\ProceduralMusicPhraseLowering.h">
      <Filter>Header Files\fm</Filter>
    </ClInclude>
    <ClInclude Include="src\fm\MScriptLoader.h">
      <Filter>Header Files\fm</Filter>
    </ClInclude>
    <ClInclude Include="src\fm\MusicOpcode.h">
      <Filter>Header Files\fm</Filter>
    </ClInclude>
    <ClInclude Include="src\fm\song\Fraction.h">
      <Filter>Header Files\fm\song</Filter>
    </ClInclude>
    <ClInclude Include="src\fm\song\LilyPond.h">
      <Filter>Header Files\fm\song</Filter>
    </ClInclude>
    <ClInclude Include="src\fm\song\mml_constants.h">
      <Filter>Header Files\fm\song</Filter>
    </ClInclude>
    <ClInclude Include="src\fm\song\MMLChannel.h">
      <Filter>Header Files\fm\song</Filter>
    </ClInclude>
    <ClInclude Include="src\fm\song\MMLEvent.h">
      <Filter>Header Files\fm\song</Filter>
    </ClInclude>
    <ClInclude Include="src\fm\song\MMLSong.h">
      <Filter>Header Files\fm\song</Filter>
    </ClInclude>
    <ClInclude Include="src\fm\song\MMLSongCollection.h">
      <Filter>Header Files\fm\song</Filter>
    </ClInclude>
    <ClInclude Include="src\fm\song\Parser.h">
      <Filter>Header Files\fm\song</Filter>
    </ClInclude>
    <ClInclude Include="src\fm\song\Tokenizer.h">
      <Filter>Header Files\fm\song</Filter>
    </ClInclude>
    <ClInclude Include="src\fe\script\ScriptManager.h">
      <Filter>Header Files\fe\script</Filter>
    </ClInclude>
    <ClInclude Include="src\fe\Message.h">
      <Filter>Header Files\fe</Filter>
    </ClInclude>
    <ClInclude Include="src\fe\MessageCallback.h">
      <Filter>Header Files\fe</Filter>
    </ClInclude>
    <ClInclude Include="src\fe\script\ScriptTypes.h">
      <Filter>Header Files\fe\script</Filter>
    </ClInclude>
    <ClInclude Include="src\fe\game\GameManager.h">
      <Filter>Header Files\fe\game</Filter>
    </ClInclude>
    <ClInclude Include="src\fh\AtlasDevFrameScheduler.h">
      <Filter>Header Files\fh</Filter>
    </ClInclude>
    <ClInclude Include="src\fh\AtlasDevMusicIntent.h">
      <Filter>Header Files\fh</Filter>
    </ClInclude>
    <ClInclude Include="src\fh\GeneralHack.h">
      <Filter>Header Files\fh</Filter>
    </ClInclude>
    <ClInclude Include="src\fe\xml\Xml_helper_config.h">
      <Filter>Header Files\fe\xml</Filter>
    </ClInclude>
    <ClInclude Include="src\fe\xml\Xml_helper_game.h">
      <Filter>Header Files\fe\xml</Filter>
    </ClInclude>
    <ClInclude Include="src\fe\xml\Xml_helper_settings.h">
      <Filter>Header Files\fe\xml</Filter>
    </ClInclude>
    <ClInclude Include="src\fe\nes_constants.h">
      <Filter>Header Files\fe</Filter>
    </ClInclude>
    <ClInclude Include="src\fe\game\game_gfx.h">
      <Filter>Header Files\fe\game</Filter>
    </ClInclude>
  </ItemGroup>
  <ItemGroup>
    <ClCompile Include="src\common\klib\Asm6502.cpp">
      <Filter>Source Files\common\klib</Filter>
    </ClCompile>
    <ClCompile Include="src\common\klib\Bitreader.cpp">
      <Filter>Source Files\common\klib</Filter>
    </ClCompile>
    <ClCompile Include="src\common\klib\Bitwriter.cpp">
      <Filter>Source Files\common\klib</Filter>
    </ClCompile>
    <ClCompile Include="src\common\klib\IPS_Patch.cpp">
      <Filter>Source Files\common\klib</Filter>
    </ClCompile>
    <ClCompile Include="src\common\klib\Kfile.cpp">
      <Filter>Source Files\common\klib</Filter>
    </ClCompile>
    <ClCompile Include="src\common\klib\Kstring.cpp">
      <Filter>Source Files\common\klib</Filter>
    </ClCompile>
    <ClCompile Include="src\common\klib\NES_tile.cpp">
      <Filter>Source Files\common\klib</Filter>
    </ClCompile>
    <ClCompile Include="src\common\pugixml\pugixml.cpp">
      <Filter>Source Files\common\pugixml</Filter>
    </ClCompile>
    <ClCompile Include="src\fe\Config.cpp">
      <Filter>Source Files\fe</Filter>
    </ClCompile>
    <ClCompile Include="src\fe\xml\Xml_helper.cpp">
      <Filter>Source Files\fe\xml</Filter>
    </ClCompile>
    <ClCompile Include="src\fe\ChrStructures.cpp">
      <Filter>Source Files\fe</Filter>
    </ClCompile>
    <ClCompile Include="src\fe\Chunk.cpp">
      <Filter>Source Files\fe</Filter>
    </ClCompile>
    <ClCompile Include="src\fe\Cinematic.cpp">
      <Filter>Source Files\fe</Filter>
    </ClCompile>
    <ClCompile Include="src\fe\Door.cpp">
      <Filter>Source Files\fe</Filter>
    </ClCompile>
    <ClCompile Include="src\fe\EditorSettings.cpp">
      <Filter>Source Files\fe</Filter>
    </ClCompile>
    <ClCompile Include="src\fe\Game.cpp">
      <Filter>Source Files\fe</Filter>
    </ClCompile>
    <ClCompile Include="src\fe\GfxTilemapManager.cpp">
      <Filter>Source Files\fe</Filter>
    </ClCompile>
    <ClCompile Include="src\fe\GodAllocator.cpp">
      <Filter>Source Files\fe</Filter>
    </ClCompile>
    <ClCompile Include="src\fe\InterChunkScroll.cpp">
      <Filter>Source Files\fe</Filter>
    </ClCompile>
    <ClCompile Include="src\fe\IntraChunkScroll.cpp">
      <Filter>Source Files\fe</Filter>
    </ClCompile>
    <ClCompile Include="src\fe\Metatile.cpp">
      <Filter>Source Files\fe</Filter>
    </ClCompile>
    <ClCompile Include="src\fe\MetatileRef.cpp">
      <Filter>Source Files\fe</Filter>
    </ClCompile>
    <ClCompile Include="src\fe\PaletteMusicMap.cpp">
      <Filter>Source Files\fe</Filter>
    </ClCompile>
    <ClCompile Include="src\fe\ROM_Manager.cpp">
      <Filter>Source Files\fe</Filter>
    </ClCompile>
    <ClCompile Include="src\fe\Screen.cpp">
      <Filter>Source Files\fe</Filter>
    </ClCompile>
    <ClCompile Include="src\fe\ScreenRef.cpp">
      <Filter>Source Files\fe</Filter>
    </ClCompile>
    <ClCompile Include="src\fe\Sprite.cpp">
      <Filter>Source Files\fe</Filter>
    </ClCompile>
    <ClCompile Include="src\fe\Sprite_set.cpp">
      <Filter>Source Files\fe</Filter>
    </ClCompile>
    <ClCompile Include="src\fe\StageManager.cpp">
      <Filter>Source Files\fe</Filter>
    </ClCompile>
    <ClCompile Include="src\fe\WorldVisualizer.cpp">
      <Filter>Source Files\fe</Filter>
    </ClCompile>
    <ClCompile Include="src\fe\sprite\SpriteAnimationFrame.cpp">
      <Filter>Source Files\fe\sprite</Filter>
    </ClCompile>
    <ClCompile Include="src\fe\sprite\SpriteFrameCollection.cpp">
      <Filter>Source Files\fe\sprite</Filter>
    </ClCompile>
    <ClCompile Include="src\fe\sprite\SpriteGfxManager.cpp">
      <Filter>Source Files\fe\sprite</Filter>
    </ClCompile>
    <ClCompile Include="src\fe\sprite\SpriteGfxSnapshotManager.cpp">
      <Filter>Source Files\fe\sprite</Filter>
    </ClCompile>
    <ClCompile Include="src\fe\sprite\SpriteGUILoader.cpp">
      <Filter>Source Files\fe\sprite</Filter>
    </ClCompile>
    <ClCompile Include="src\fi\FaxString.cpp">
      <Filter>Source Files\fi</Filter>
    </ClCompile>
    <ClCompile Include="src\fi\IScriptLoader.cpp">
      <Filter>Source Files\fi</Filter>
    </ClCompile>
    <ClCompile Include="src\fi\Opcode.cpp">
      <Filter>Source Files\fi</Filter>
    </ClCompile>
    <ClCompile Include="src\fi\Shop.cpp">
      <Filter>Source Files\fi</Filter>
    </ClCompile>
    <ClCompile Include="src\common\lodepng.cpp">
      <Filter>Source Files\common</Filter>
    </ClCompile>
    <ClCompile Include="src\fh\HackManager.cpp">
      <Filter>Source Files\fh</Filter>
    </ClCompile>
    <ClCompile Include="src\fh\TilemapChanges.cpp">
      <Filter>Source Files\fh</Filter>
    </ClCompile>
    <ClCompile Include="src\fi\AsmReader.cpp">
      <Filter>Source Files\fi</Filter>
    </ClCompile>
    <ClCompile Include="src\fi\AsmReaderStaticLinker.cpp">
      <Filter>Source Files\fi</Filter>
    </ClCompile>
    <ClCompile Include="src\fi\AsmWriter.cpp">
      <Filter>Source Files\fi</Filter>
    </ClCompile>
    <ClCompile Include="src\fb\BScriptLoader.cpp">
      <Filter>Source Files\fb</Filter>
    </ClCompile>
    <ClCompile Include="src\fb\BScriptOpcode.cpp">
      <Filter>Source Files\fb</Filter>
    </ClCompile>
    <ClCompile Include="src\fb\BScriptReader.cpp">
      <Filter>Source Files\fb</Filter>
    </ClCompile>
    <ClCompile Include="src\fb\BScriptWriter.cpp">
      <Filter>Source Files\fb</Filter>
    </ClCompile>
    <ClCompile Include="src\mantra\Mantra.cpp">
      <Filter>Source Files\mantra</Filter>
    </ClCompile>
    <ClCompile Include="src\mantra\mantra_math.cpp">
      <Filter>Source Files\mantra</Filter>
    </ClCompile>
    <ClCompile Include="src\fv\MiscWriter.cpp">
      <Filter>Source Files\fv</Filter>
    </ClCompile>
    <ClCompile Include="src\common\midifile\Binasc.cpp">
      <Filter>Source Files\common\midifile</Filter>
    </ClCompile>
    <ClCompile Include="src\common\midifile\MidiEvent.cpp">
      <Filter>Source Files\common\midifile</Filter>
    </ClCompile>
    <ClCompile Include="src\common\midifile\MidiEventList.cpp">
      <Filter>Source Files\common\midifile</Filter>
    </ClCompile>
    <ClCompile Include="src\common\midifile\MidiFile.cpp">
      <Filter>Source Files\common\midifile</Filter>
    </ClCompile>
    <ClCompile Include="src\common\midifile\MidiMessage.cpp">
      <Filter>Source Files\common\midifile</Filter>
    </ClCompile>
    <ClCompile Include="src\common\midifile\Options.cpp">
      <Filter>Source Files\common\midifile</Filter>
    </ClCompile>
    <ClCompile Include="src\fm\fm_util.cpp">
      <Filter>Source Files\fm</Filter>
    </ClCompile>
    <ClCompile Include="src\fm\MMLReader.cpp">
      <Filter>Source Files\fm</Filter>
    </ClCompile>
    <ClCompile Include="src\fm\MMLWriter.cpp">
      <Filter>Source Files\fm</Filter>
    </ClCompile>
    <ClCompile Include="src\fm\ProceduralMusic.cpp">
      <Filter>Source Files\fm</Filter>
    </ClCompile>
    <ClCompile Include="src\fm\ProceduralMusicDirectiveParser.cpp">
      <Filter>Source Files\fm</Filter>
    </ClCompile>
    <ClCompile Include="src\fm\ProceduralMusicPhraseLowering.cpp">
      <Filter>Source Files\fm</Filter>
    </ClCompile>
    <ClCompile Include="src\fm\ProceduralMusicJson.cpp">
      <Filter>Source Files\fm</Filter>
    </ClCompile>
    <ClCompile Include="src\fm\MScriptLoader.cpp">
      <Filter>Source Files\fm</Filter>
    </ClCompile>
    <ClCompile Include="src\fm\MusicOpcode.cpp">
      <Filter>Source Files\fm</Filter>
    </ClCompile>
    <ClCompile Include="src\fm\song\Fraction.cpp">
      <Filter>Source Files\fm\song</Filter>
    </ClCompile>
    <ClCompile Include="src\fm\song\LilyPond.cpp">
      <Filter>Source Files\fm\song</Filter>
    </ClCompile>
    <ClCompile Include="src\fm\song\MMLChannel.cpp">
      <Filter>Source Files\fm\song</Filter>
    </ClCompile>
    <ClCompile Include="src\fm\song\MMLSong.cpp">
      <Filter>Source Files\fm\song</Filter>
    </ClCompile>
    <ClCompile Include="src\fm\song\MMLSongCollection.cpp">
      <Filter>Source Files\fm\song</Filter>
    </ClCompile>
    <ClCompile Include="src\fm\song\Parser.cpp">
      <Filter>Source Files\fm\song</Filter>
    </ClCompile>
    <ClCompile Include="src\fm\song\Tokenizer.cpp">
      <Filter>Source Files\fm\song</Filter>
    </ClCompile>
    <ClCompile Include="src\fe\script\ScriptManager.cpp">
      <Filter>Source Files\fe\script</Filter>
    </ClCompile>
    <ClCompile Include="src\fe\game\GameManager.cpp">
      <Filter>Source Files\fe\game</Filter>
    </ClCompile>
    <ClCompile Include="src\fh\AtlasDevDayNightCycle.cpp">
      <Filter>Source Files\fh</Filter>
    </ClCompile>
    <ClCompile Include="src\fh\AtlasDevInfectedTint.cpp">
      <Filter>Source Files\fh</Filter>
    </ClCompile>
    <ClCompile Include="src\fh\AtlasDevMusicIntent.cpp">
      <Filter>Source Files\fh</Filter>
    </ClCompile>
    <ClCompile Include="src\fh\AtlasDevTimeOfDay.cpp">
      <Filter>Source Files\fh</Filter>
    </ClCompile>
    <ClCompile Include="src\fh\AtlasDevFrameScheduler.cpp">
      <Filter>Source Files\fh</Filter>
    </ClCompile>
    <ClCompile Include="src\fh\GeneralHacks.cpp">
      <Filter>Source Files\fh</Filter>
    </ClCompile>
    <ClCompile Include="src\fh\GeneralHack.cpp">
      <Filter>Source Files\fh</Filter>
    </ClCompile>
    <ClCompile Include="src\fe\game\game_gfx.cpp">
      <Filter>Source Files\fe\game</Filter>
    </ClCompile>
  </ItemGroup>
</Project>
